
Microsoft Visual Studio Solution File, Format Version 12.00
# Visual Studio 14
VisualStudioVersion = 14.0.25420.1
MinimumVisualStudioVersion = 10.0.40219.1
Project("{FAE04EC0-301F-11D3-BF4B-00C04F79EFBC}") = "Sycom.Web", "Sycom.Web\Sycom.Web.csproj", "{7BFEBD34-7E0C-43C2-BB76-6F2FE14863E2}"
EndProject
Project("{FAE04EC0-301F-11D3-BF4B-00C04F79EFBC}") = "Sycom.WebAdmin", "Sycom.WebAdmin\Sycom.WebAdmin.csproj", "{A369DFD7-36E7-4630-91C1-023D36FB2330}"
EndProject
Project("{FAE04EC0-301F-11D3-BF4B-00C04F79EFBC}") = "Sycom.Win", "Sycom.Win\Sycom.Win.csproj", "{B8244A75-04AF-4C2C-8AFA-7AACFE7CFB25}"
EndProject
Project("{FAE04EC0-301F-11D3-BF4B-00C04F79EFBC}") = "Sycom.BL", "Sycom.BL\Sycom.BL.csproj", "{4E263238-DDD2-4B94-B4B5-7441878E9E94}"
EndProject
Global
	GlobalSection(SolutionConfigurationPlatforms) = preSolution
		Debug|Any CPU = Debug|Any CPU
		Release|Any CPU = Release|Any CPU
	EndGlobalSection
	GlobalSection(ProjectConfigurationPlatforms) = postSolution
		{7BFEBD34-7E0C-43C2-BB76-6F2FE14863E2}.Debug|Any CPU.ActiveCfg = Debug|Any CPU
		{7BFEBD34-7E0C-43C2-BB76-6F2FE14863E2}.Debug|Any CPU.Build.0 = Debug|Any CPU
		{7BFEBD34-7E0C-43C2-BB76-6F2FE14863E2}.Release|Any CPU.ActiveCfg = Release|Any CPU
		{7BFEBD34-7E0C-43C2-BB76-6F2FE14863E2}.Release|Any CPU.Build.0 = Release|Any CPU
		{A369DFD7-36E7-4630-91C1-023D36FB2330}.Debug|Any CPU.ActiveCfg = Debug|Any CPU
		{A369DFD7-36E7-4630-91C1-023D36FB2330}.Debug|Any CPU.Build.0 = Debug|Any CPU
		{A369DFD7-36E7-4630-91C1-023D36FB2330}.Release|Any CPU.ActiveCfg = Release|Any CPU
		{A369DFD7-36E7-4630-91C1-023D36FB2330}.Release|Any CPU.Build.0 = Release|Any CPU
		{B8244A75-04AF-4C2C-8AFA-7AACFE7CFB25}.Debug|Any CPU.ActiveCfg = Debug|Any CPU
		{B8244A75-04AF-4C2C-8AFA-7AACFE7CFB25}.Debug|Any CPU.Build.0 = Debug|Any CPU
		{B8244A75-04AF-4C2C-8AFA-7AACFE7CFB25}.Release|Any CPU.ActiveCfg = Release|Any CPU
		{B8244A75-04AF-4C2C-8AFA-7AACFE7CFB25}.Release|Any CPU.Build.0 = Release|Any CPU
		{4E263238-DDD2-4B94-B4B5-7441878E9E94}.Debug|Any CPU.ActiveCfg = Debug|Any CPU
		{4E263238-DDD2-4B94-B4B5-7441878E9E94}.Debug|Any CPU.Build.0 = Debug|Any CPU
		{4E263238-DDD2-4B94-B4B5-7441878E9E94}.Release|Any CPU.ActiveCfg = Release|Any CPU
		{4E263238-DDD2-4B94-B4B5-7441878E9E94}.Release|Any CPU.Build.0 = Release|Any CPU
	EndGlobalSection
	GlobalSection(SolutionProperties) = preSolution
		HideSolutionNode = FALSE
	EndGlobalSection
EndGlobal
